// !$*UTF8*$!
{
	archiveVersion = 1;
	classes = {
	};
	objectVersion = 56;
	objects = {

/* Begin PBXBuildFile section */
		4EDBE5C72A5235FB002DADFF /* AppDelegate.swift in Sources */ = {isa = PBXBuildFile; fileRef = 4EDBE5C62A5235FB002DADFF /* AppDelegate.swift */; };
		4EDBE5C92A5235FB002DADFF /* SceneDelegate.swift in Sources */ = {isa = PBXBuildFile; fileRef = 4EDBE5C82A5235FB002DADFF /* SceneDelegate.swift */; };
		4EDBE5CB2A5235FB002DADFF /* ViewController.swift in Sources */ = {isa = PBXBuildFile; fileRef = 4EDBE5CA2A5235FB002DADFF /* ViewController.swift */; };
		4EDBE5CE2A5235FB002DADFF /* Main.storyboard in Resources */ = {isa = PBXBuildFile; fileRef = 4EDBE5CC2A5235FB002DADFF /* Main.storyboard */; };
		4EDBE5D02A5235FC002DADFF /* Assets.xcassets in Resources */ = {isa = PBXBuildFile; fileRef = 4EDBE5CF2A5235FC002DADFF /* Assets.xcassets */; };
		4EDBE5D32A5235FC002DADFF /* LaunchScreen.storyboard in Resources */ = {isa = PBXBuildFile; fileRef = 4EDBE5D12A5235FC002DADFF /* LaunchScreen.storyboard */; };
/* End PBXBuildFile section */

/* Begin PBXFileReference section */
		4EDBE5C32A5235FB002DADFF /* Diffable Table View Example.app */ = {isa = PBXFileReference; explicitFileType = wrapper.application; includeInIndex = 0; path = "Diffable Table View Example.app"; sourceTree = BUILT_PRODUCTS_DIR; };
		4EDBE5C62A5235FB002DADFF /* AppDelegate.swift */ = {isa = PBXFileReference; lastKnownFileType = sourcecode.swift; path = AppDelegate.swift; sourceTree = "<group>"; };
		4EDBE5C82A5235FB002DADFF /* SceneDelegate.swift */ = {isa = PBXFileReference; lastKnownFileType = sourcecode.swift; path = SceneDelegate.swift; sourceTree = "<group>"; };
		4EDBE5CA2A5235FB002DADFF /* ViewController.swift */ = {isa = PBXFileReference; lastKnownFileType = sourcecode.swift; path = ViewController.swift; sourceTree = "<group>"; };
		4EDBE5CD2A5235FB002DADFF /* Base */ = {isa = PBXFileReference; lastKnownFileType = file.storyboard; name = Base; path = Base.lproj/Main.storyboard; sourceTree = "<group>"; };
		4EDBE5CF2A5235FC002DADFF /* Assets.xcassets */ = {isa = PBXFileReference; lastKnownFileType = folder.assetcatalog; path = Assets.xcassets; sourceTree = "<group>"; };
		4EDBE5D22A5235FC002DADFF /* Base */ = {isa = PBXFileReference; lastKnownFileType = file.storyboard; name = Base; path = Base.lproj/LaunchScreen.storyboard; sourceTree = "<group>"; };
		4EDBE5D42A5235FC002DADFF /* Info.plist */ = {isa = PBXFileReference; lastKnownFileType = text.plist.xml; path = Info.plist; sourceTree = "<group>"; };
/* End PBXFileReference section */

/* Begin PBXFrameworksBuildPhase section */
		4EDBE5C02A5235FB002DADFF /* Frameworks */ = {
			isa = PBXFrameworksBuildPhase;
			buildActionMask = 2147483647;
			files = (
			);
			runOnlyForDeploymentPostprocessing = 0;
		};
/* End PBXFrameworksBuildPhase section */

/* Begin PBXGroup section */
		4EDBE5BA2A5235FB002DADFF = {
			isa = PBXGroup;
			children = (
				4EDBE5C52A5235FB002DADFF /* Diffable Table View Example */,
				4EDBE5C42A5235FB002DADFF /* Products */,
			);
			sourceTree = "<group>";
		};
		4EDBE5C42A5235FB002DADFF /* Products */ = {
			isa = PBXGroup;
			children = (
				4EDBE5C32A5235FB002DADFF /* Diffable Table View Example.app */,
			);
			name = Products;
			sourceTree = "<group>";
		};
		4EDBE5C52A5235FB002DADFF /* Diffable Table View Example */ = {
			isa = PBXGroup;
			children = (
				4EDBE5C62A5235FB002DADFF /* AppDelegate.swift */,
				4EDBE5C82A5235FB002DADFF /* SceneDelegate.swift */,
				4EDBE5CA2A5235FB002DADFF /* ViewController.swift */,
				4EDBE5CC2A5235FB002DADFF /* Main.storyboard */,
				4EDBE5CF2A5235FC002DADFF /* Assets.xcassets */,
				4EDBE5D12A5235FC002DADFF /* LaunchScreen.storyboard */,
				4EDBE5D42A5235FC002DADFF /* Info.plist */,
			);
			path = "Diffable Table View Example";
			sourceTree = "<group>";
		};
/* End PBXGroup section */

/* Begin PBXNativeTarget section */
		4EDBE5C22A5235FB002DADFF /* Diffable Table View Example */ = {
			isa = PBXNativeTarget;
			buildConfigurationList = 4EDBE5D72A5235FC002DADFF /* Build configuration list for PBXNativeTarget "Diffable Table View Example" */;
			buildPhases = (
				4EDBE5BF2A5235FB002DADFF /* Sources */,
				4EDBE5C02A5235FB002DADFF /* Frameworks */,
				4EDBE5C12A5235FB002DADFF /* Resources */,
			);
			buildRules = (
			);
			dependencies = (
			);
			name = "Diffable Table View Example";
			productName = "Diffable Table View Example";
			productReference = 4EDBE5C32A5235FB002DADFF /* Diffable Table View Example.app */;
			productType = "com.apple.product-type.application";
		};
/* End PBXNativeTarget section */

/* Begin PBXProject section */
		4EDBE5BB2A5235FB002DADFF /* Project object */ = {
			isa = PBXProject;
			attributes = {
				BuildIndependentTargetsInParallel = 1;
				LastSwiftUpdateCheck = 1420;
				LastUpgradeCheck = 1420;
				TargetAttributes = {
					4EDBE5C22A5235FB002DADFF = {
						CreatedOnToolsVersion = 14.2;
					};
				};
			};
			buildConfigurationList = 4EDBE5BE2A5235FB002DADFF /* Build configuration list for PBXProject "Diffable Table View Example" */;
			compatibilityVersion = "Xcode 14.0";
			developmentRegion = en;
			hasScannedForEncodings = 0;
			knownRegions = (
				en,
				Base,
			);
			mainGroup = 4EDBE5BA2A5235FB002DADFF;
			productRefGroup = 4EDBE5C42A5235FB002DADFF /* Products */;
			projectDirPath = "";
			projectRoot = "";
			targets = (
				4EDBE5C22A5235FB002DADFF /* Diffable Table View Example */,
			);
		};
/* End PBXProject section */

/* Begin PBXResourcesBuildPhase section */
		4EDBE5C12A5235FB002DADFF /* Resources */ = {
			isa = PBXResourcesBuildPhase;
			buildActionMask = 2147483647;
			files = (
				4EDBE5D32A5235FC002DADFF /* LaunchScreen.storyboard in Resources */,
				4EDBE5D02A5235FC002DADFF /* Assets.xcassets in Resources */,
				4EDBE5CE2A5235FB002DADFF /* Main.storyboard in Resources */,
			);
			runOnlyForDeploymentPostprocessing = 0;
		};
/* End PBXResourcesBuildPhase section */

/* Begin PBXSourcesBuildPhase section */
		4EDBE5BF2A5235FB002DADFF /* Sources */ = {
			isa = PBXSourcesBuildPhase;
			buildActionMask = 2147483647;
			files = (
				4EDBE5CB2A5235FB002DADFF /* ViewController.swift in Sources */,
				4EDBE5C72A5235FB002DADFF /* AppDelegate.swift in Sources */,
				4EDBE5C92A5235FB002DADFF /* SceneDelegate.swift in Sources */,
			);
			runOnlyForDeploymentPostprocessing = 0;
		};
/* End PBXSourcesBuildPhase section */

/* Begin PBXVariantGroup section */
		4EDBE5CC2A5235FB002DADFF /* Main.storyboard */ = {
			isa = PBXVariantGroup;
			children = (
				4EDBE5CD2A5235FB002DADFF /* Base */,
			);
			name = Main.storyboard;
			sourceTree = "<group>";
		};
		4EDBE5D12A5235FC002DADFF /* LaunchScreen.storyboard */ = {
			isa = PBXVariantGroup;
			children = (
				4EDBE5D22A5235FC002DADFF /* Base */,
			);
			name = LaunchScreen.storyboard;
			sourceTree = "<group>";
		};
/* End PBXVariantGroup section */

/* Begin XCBuildConfiguration section */
		4EDBE5D52A5235FC002DADFF /* Debug */ = {
			isa = XCBuildConfiguration;
			buildSettings = {
				ALWAYS_SEARCH_USER_PATHS = NO;
				CLANG_ANALYZER_NONNULL = YES;
				CLANG_ANALYZER_NUMBER_OBJECT_CONVERSION = YES_AGGRESSIVE;
				CLANG_CXX_LANGUAGE_STANDARD = "gnu++20";
				CLANG_ENABLE_MODULES = YES;
				CLANG_ENABLE_OBJC_ARC = YES;
				CLANG_ENABLE_OBJC_WEAK = YES;
				CLANG_WARN_BLOCK_CAPTURE_AUTORELEASING = YES;
				CLANG_WARN_BOOL_CONVERSION = YES;
				CLANG_WARN_COMMA = YES;
				CLANG_WARN_CONSTANT_CONVERSION = YES;
				CLANG_WARN_DEPRECATED_OBJC_IMPLEMENTATIONS = YES;
				CLANG_WARN_DIRECT_OBJC_ISA_USAGE = YES_ERROR;
				CLANG_WARN_DOCUMENTATION_COMMENTS = YES;
				CLANG_WARN_EMPTY_BODY = YES;
				CLANG_WARN_ENUM_CONVERSION = YES;
				CLANG_WARN_INFINITE_RECURSION = YES;
				CLANG_WARN_INT_CONVERSION = YES;
				CLANG_WARN_NON_LITERAL_NULL_CONVERSION = YES;
				CLANG_WARN_OBJC_IMPLICIT_RETAIN_SELF = YES;
				CLANG_WARN_OBJC_LITERAL_CONVERSION = YES;
				CLANG_WARN_OBJC_ROOT_CLASS = YES_ERROR;
				CLANG_WARN_QUOTED_INCLUDE_IN_FRAMEWORK_HEADER = YES;
				CLANG_WARN_RANGE_LOOP_ANALYSIS = YES;
				CLANG_WARN_STRICT_PROTOTYPES = YES;
				CLANG_WARN_SUSPICIOUS_MOVE = YES;
				CLANG_WARN_UNGUARDED_AVAILABILITY = YES_AGGRESSIVE;
				CLANG_WARN_UNREACHABLE_CODE = YES;
				CLANG_WARN__DUPLICATE_METHOD_MATCH = YES;
				COPY_PHASE_STRIP = NO;
				DEBUG_INFORMATION_FORMAT = dwarf;
				ENABLE_STRICT_OBJC_MSGSEND = YES;
				ENABLE_TESTABILITY = YES;
				GCC_C_LANGUAGE_STANDARD = gnu11;
				GCC_DYNAMIC_NO_PIC = NO;
				GCC_NO_COMMON_BLOCKS = YES;
				GCC_OPTIMIZATION_LEVEL = 0;
				GCC_PREPROCESSOR_DEFINITIONS = (
					"DEBUG=1",
					"$(inherited)",
				);
				GCC_WARN_64_TO_32_BIT_CONVERSION = YES;
				GCC_WARN_ABOUT_RETURN_TYPE = YES_ERROR;
				GCC_WARN_UNDECLARED_SELECTOR = YES;
				GCC_WARN_UNINITIALIZED_AUTOS = YES_AGGRESSIVE;
				GCC_WARN_UNUSED_FUNCTION = YES;
				GCC_WARN_UNUSED_VARIABLE = YES;
				IPHONEOS_DEPLOYMENT_TARGET = 16.2;
				MTL_ENABLE_DEBUG_INFO = INCLUDE_SOURCE;
				MTL_FAST_MATH = YES;
				ONLY_ACTIVE_ARCH = YES;
				SDKROOT = iphoneos;
				SWIFT_ACTIVE_COMPILATION_CONDITIONS = DEBUG;
				SWIFT_OPTIMIZATION_LEVEL = "-Onone";
			};
			name = Debug;
		};
		4EDBE5D62A5235FC002DADFF /* Release */ = {
			isa = XCBuildConfiguration;
			buildSettings = {
				ALWAYS_SEARCH_USER_PATHS = NO;
				CLANG_ANALYZER_NONNULL = YES;
				CLANG_ANALYZER_NUMBER_OBJECT_CONVERSION = YES_AGGRESSIVE;
				CLANG_CXX_LANGUAGE_STANDARD = "gnu++20";
				CLANG_ENABLE_MODULES = YES;
				CLANG_ENABLE_OBJC_ARC = YES;
				CLANG_ENABLE_OBJC_WEAK = YES;
				CLANG_WARN_BLOCK_CAPTURE_AUTORELEASING = YES;
				CLANG_WARN_BOOL_CONVERSION = YES;
				CLANG_WARN_COMMA = YES;
				CLANG_WARN_CONSTANT_CONVERSION = YES;
				CLANG_WARN_DEPRECATED_OBJC_IMPLEMENTATIONS = YES;
				CLANG_WARN_DIRECT_OBJC_ISA_USAGE = YES_ERROR;
				CLANG_WARN_DOCUMENTATION_COMMENTS = YES;
				CLANG_WARN_EMPTY_BODY = YES;
				CLANG_WARN_ENUM_CONVERSION = YES;
				CLANG_WARN_INFINITE_RECURSION = YES;
				CLANG_WARN_INT_CONVERSION = YES;
				CLANG_WARN_NON_LITERAL_NULL_CONVERSION = YES;
				CLANG_WARN_OBJC_IMPLICIT_RETAIN_SELF = YES;
				CLANG_WARN_OBJC_LITERAL_CONVERSION = YES;
				CLANG_WARN_OBJC_ROOT_CLASS = YES_ERROR;
				CLANG_WARN_QUOTED_INCLUDE_IN_FRAMEWORK_HEADER = YES;
				CLANG_WARN_RANGE_LOOP_ANALYSIS = YES;
				CLANG_WARN_STRICT_PROTOTYPES = YES;
				CLANG_WARN_SUSPICIOUS_MOVE = YES;
				CLANG_WARN_UNGUARDED_AVAILABILITY = YES_AGGRESSIVE;
				CLANG_WARN_UNREACHABLE_CODE = YES;
				CLANG_WARN__DUPLICATE_METHOD_MATCH = YES;
				COPY_PHASE_STRIP = NO;
				DEBUG_INFORMATION_FORMAT = "dwarf-with-dsym";
				ENABLE_NS_ASSERTIONS = NO;
				ENABLE_STRICT_OBJC_MSGSEND = YES;
				GCC_C_LANGUAGE_STANDARD = gnu11;
				GCC_NO_COMMON_BLOCKS = YES;
				GCC_WARN_64_TO_32_BIT_CONVERSION = YES;
				GCC_WARN_ABOUT_RETURN_TYPE = YES_ERROR;
				GCC_WARN_UNDECLARED_SELECTOR = YES;
				GCC_WARN_UNINITIALIZED_AUTOS = YES_AGGRESSIVE;
				GCC_WARN_UNUSED_FUNCTION = YES;
				GCC_WARN_UNUSED_VARIABLE = YES;
				IPHONEOS_DEPLOYMENT_TARGET = 16.2;
				MTL_ENABLE_DEBUG_INFO = NO;
				MTL_FAST_MATH = YES;
				SDKROOT = iphoneos;
				SWIFT_COMPILATION_MODE = wholemodule;
				SWIFT_OPTIMIZATION_LEVEL = "-O";
				VALIDATE_PRODUCT = YES;
			};
			name = Release;
		};
		4EDBE5D82A5235FC002DADFF /* Debug */ = {
			isa = XCBuildConfiguration;
			buildSettings = {
				ASSETCATALOG_COMPILER_APPICON_NAME = AppIcon;
				ASSETCATALOG_COMPILER_GLOBAL_ACCENT_COLOR_NAME = AccentColor;
				CODE_SIGN_STYLE = Automatic;
				CURRENT_PROJECT_VERSION = 1;
				GENERATE_INFOPLIST_FILE = YES;
				INFOPLIST_FILE = "Diffable Table View Example/Info.plist";
				INFOPLIST_KEY_UIApplicationSupportsIndirectInputEvents = YES;
				INFOPLIST_KEY_UILaunchStoryboardName = LaunchScreen;
				INFOPLIST_KEY_UIMainStoryboardFile = Main;
				INFOPLIST_KEY_UISupportedInterfaceOrientations_iPad = "UIInterfaceOrientationPortrait UIInterfaceOrientationPortraitUpsideDown UIInterfaceOrientationLandscapeLeft UIInterfaceOrientationLandscapeRight";
				INFOPLIST_KEY_UISupportedInterfaceOrientations_iPhone = "UIInterfaceOrientationPortrait UIInterfaceOrientationLandscapeLeft UIInterfaceOrientationLandscapeRight";
				LD_RUNPATH_SEARCH_PATHS = (
					"$(inherited)",
					"@executable_path/Frameworks",
				);
				MARKETING_VERSION = 1.0;
				PRODUCT_BUNDLE_IDENTIFIER = "com.ivanlesko.DiffableTableViewExample.Diffable-Table-View-Example";
				PRODUCT_NAME = "$(TARGET_NAME)";
				SWIFT_EMIT_LOC_STRINGS = YES;
				SWIFT_VERSION = 5.0;
				TARGETED_DEVICE_FAMILY = "1,2";
			};
			name = Debug;
		};
		4EDBE5D92A5235FC002DADFF /* Release */ = {
			isa = XCBuildConfiguration;
			buildSettings = {
				ASSETCATALOG_COMPILER_APPICON_NAME = AppIcon;
				ASSETCATALOG_COMPILER_GLOBAL_ACCENT_COLOR_NAME = AccentColor;
				CODE_SIGN_STYLE = Automatic;
				CURRENT_PROJECT_VERSION = 1;
				GENERATE_INFOPLIST_FILE = YES;
				INFOPLIST_FILE = "Diffable Table View Example/Info.plist";
				INFOPLIST_KEY_UIApplicationSupportsIndirectInputEvents = YES;
				INFOPLIST_KEY_UILaunchStoryboardName = LaunchScreen;
				INFOPLIST_KEY_UIMainStoryboardFile = Main;
				INFOPLIST_KEY_UISupportedInterfaceOrientations_iPad = "UIInterfaceOrientationPortrait UIInterfaceOrientationPortraitUpsideDown UIInterfaceOrientationLandscapeLeft UIInterfaceOrientationLandscapeRight";
				INFOPLIST_KEY_UISupportedInterfaceOrientations_iPhone = "UIInterfaceOrientationPortrait UIInterfaceOrientationLandscapeLeft UIInterfaceOrientationLandscapeRight";
				LD_RUNPATH_SEARCH_PATHS = (
					"$(inherited)",
					"@executable_path/Frameworks",
				);
				MARKETING_VERSION = 1.0;
				PRODUCT_BUNDLE_IDENTIFIER = "com.ivanlesko.DiffableTableViewExample.Diffable-Table-View-Example";
				PRODUCT_NAME = "$(TARGET_NAME)";
				SWIFT_EMIT_LOC_STRINGS = YES;
				SWIFT_VERSION = 5.0;
				TARGETED_DEVICE_FAMILY = "1,2";
			};
			name = Release;
		};
/* End XCBuildConfiguration section */

/* Begin XCConfigurationList section */
		4EDBE5BE2A5235FB002DADFF /* Build configuration list for PBXProject "Diffable Table View Example" */ = {
			isa = XCConfigurationList;
			buildConfigurations = (
				4EDBE5D52A5235FC002DADFF /* Debug */,
				4EDBE5D62A5235FC002DADFF /* Release */,
			);
			defaultConfigurationIsVisible = 0;
			defaultConfigurationName = Release;
		};
		4EDBE5D72A5235FC002DADFF /* Build configuration list for PBXNativeTarget "Diffable Table View Example" */ = {
			isa = XCConfigurationList;
			buildConfigurations = (
				4EDBE5D82A5235FC002DADFF /* Debug */,
				4EDBE5D92A5235FC002DADFF /* Release */,
			);
			defaultConfigurationIsVisible = 0;
			defaultConfigurationName = Release;
		};
/* End XCConfigurationList section */
	};
	rootObject = 4EDBE5BB2A5235FB002DADFF /* Project object */;
}
